
Microsoft Visual Studio Solution File, Format Version 12.00
# Visual Studio Version 17
VisualStudioVersion = 17.11.35327.3
MinimumVisualStudioVersion = 10.0.40219.1
Project("{FAE04EC0-301F-11D3-BF4B-00C04F79EFBC}") = "MyfirstApp", "MyfirstApp.csproj", "{44078A50-06B1-4A2D-BD07-6E16CF6C05E7}"
EndProject
Global
	GlobalSection(SolutionConfigurationPlatforms) = preSolution
		Debug|Any CPU = Debug|Any CPU
		Release|Any CPU = Release|Any CPU
	EndGlobalSection
	GlobalSection(ProjectConfigurationPlatforms) = postSolution
		{44078A50-06B1-4A2D-BD07-6E16CF6C05E7}.Debug|Any CPU.ActiveCfg = Debug|Any CPU
		{44078A50-06B1-4A2D-BD07-6E16CF6C05E7}.Debug|Any CPU.Build.0 = Debug|Any CPU
		{44078A50-06B1-4A2D-BD07-6E16CF6C05E7}.Release|Any CPU.ActiveCfg = Release|Any CPU
		{44078A50-06B1-4A2D-BD07-6E16CF6C05E7}.Release|Any CPU.Build.0 = Release|Any CPU
	EndGlobalSection
	GlobalSection(SolutionProperties) = preSolution
		HideSolutionNode = FALSE
	EndGlobalSection
	GlobalSection(ExtensibilityGlobals) = postSolution
		SolutionGuid = {9564925F-8B5D-4592-ABE8-52052BE855D6}
	EndGlobalSection
EndGlobal
