
Microsoft Visual Studio Solution File, Format Version 12.00
# Visual Studio Version 17
VisualStudioVersion = 17.13.35919.96 d17.13
MinimumVisualStudioVersion = 10.0.40219.1
Project("{FAE04EC0-301F-11D3-BF4B-00C04F79EFBC}") = "CSIntensive", "CSIntensive\CSIntensive.csproj", "{17B9E6CE-D9D6-47A4-85CE-3CF3D1F7456F}"
EndProject
Global
	GlobalSection(SolutionConfigurationPlatforms) = preSolution
		Debug|Any CPU = Debug|Any CPU
		Release|Any CPU = Release|Any CPU
	EndGlobalSection
	GlobalSection(ProjectConfigurationPlatforms) = postSolution
		{17B9E6CE-D9D6-47A4-85CE-3CF3D1F7456F}.Debug|Any CPU.ActiveCfg = Debug|Any CPU
		{17B9E6CE-D9D6-47A4-85CE-3CF3D1F7456F}.Debug|Any CPU.Build.0 = Debug|Any CPU
		{17B9E6CE-D9D6-47A4-85CE-3CF3D1F7456F}.Release|Any CPU.ActiveCfg = Release|Any CPU
		{17B9E6CE-D9D6-47A4-85CE-3CF3D1F7456F}.Release|Any CPU.Build.0 = Release|Any CPU
	EndGlobalSection
	GlobalSection(SolutionProperties) = preSolution
		HideSolutionNode = FALSE
	EndGlobalSection
	GlobalSection(ExtensibilityGlobals) = postSolution
		SolutionGuid = {E38D3744-C296-4BFA-B4B1-16DD6A9214FB}
	EndGlobalSection
EndGlobal
